
Microsoft Visual Studio Solution File, Format Version 12.00
# Visual Studio 15
VisualStudioVersion = 15.0.27703.2018
MinimumVisualStudioVersion = 10.0.40219.1
Project("{FAE04EC0-301F-11D3-BF4B-00C04F79EFBC}") = "MyLongConsole", "MyLongConsole\MyLongConsole.csproj", "{33E9EE56-BA66-4950-BA73-9880EE56F05D}"
EndProject
Global
	GlobalSection(SolutionConfigurationPlatforms) = preSolution
		Debug|Any CPU = Debug|Any CPU
		Release|Any CPU = Release|Any CPU
	EndGlobalSection
	GlobalSection(ProjectConfigurationPlatforms) = postSolution
		{33E9EE56-BA66-4950-BA73-9880EE56F05D}.Debug|Any CPU.ActiveCfg = Debug|Any CPU
		{33E9EE56-BA66-4950-BA73-9880EE56F05D}.Debug|Any CPU.Build.0 = Debug|Any CPU
		{33E9EE56-BA66-4950-BA73-9880EE56F05D}.Release|Any CPU.ActiveCfg = Release|Any CPU
		{33E9EE56-BA66-4950-BA73-9880EE56F05D}.Release|Any CPU.Build.0 = Release|Any CPU
	EndGlobalSection
	GlobalSection(SolutionProperties) = preSolution
		HideSolutionNode = FALSE
	EndGlobalSection
	GlobalSection(ExtensibilityGlobals) = postSolution
		SolutionGuid = {6ABD1CC2-207A-4E6A-B05A-20E9E37A14C6}
	EndGlobalSection
EndGlobal
